// !$*UTF8*$!
{
	archiveVersion = 1;
	classes = {
	};
	objectVersion = 50;
	objects = {

/* Begin PBXBuildFile section */
		01C1B98F4BA38C0C7A8F16C3 /* Pods_flix.framework in Frameworks */ = {isa = PBXBuildFile; fileRef = 6390A3BE5BA8518EBEFF9D2B /* Pods_flix.framework */; };
		33BC0D432D00CE9101AC435A /* Pods_flixUITests.framework in Frameworks */ = {isa = PBXBuildFile; fileRef = F7146E9F543B8B522191A4C7 /* Pods_flixUITests.framework */; };
		5D7F088D43206D2986864A6F /* Pods_flixTests.framework in Frameworks */ = {isa = PBXBuildFile; fileRef = E167F6C1AB18FEB91B2C5405 /* Pods_flixTests.framework */; };
		96A6BD99232825C6004B0B98 /* MovieCell.swift in Sources */ = {isa = PBXBuildFile; fileRef = 96A6BD98232825C6004B0B98 /* MovieCell.swift */; };
		96CBC725232730350062136B /* AppDelegate.swift in Sources */ = {isa = PBXBuildFile; fileRef = 96CBC724232730350062136B /* AppDelegate.swift */; };
		96CBC72A232730350062136B /* Main.storyboard in Resources */ = {isa = PBXBuildFile; fileRef = 96CBC728232730350062136B /* Main.storyboard */; };
		96CBC72C232730360062136B /* Assets.xcassets in Resources */ = {isa = PBXBuildFile; fileRef = 96CBC72B232730360062136B /* Assets.xcassets */; };
		96CBC72F232730360062136B /* LaunchScreen.storyboard in Resources */ = {isa = PBXBuildFile; fileRef = 96CBC72D232730360062136B /* LaunchScreen.storyboard */; };
		96CBC73A232730360062136B /* flixTests.swift in Sources */ = {isa = PBXBuildFile; fileRef = 96CBC739232730360062136B /* flixTests.swift */; };
		96CBC745232730360062136B /* flixUITests.swift in Sources */ = {isa = PBXBuildFile; fileRef = 96CBC744232730360062136B /* flixUITests.swift */; };
		96CBC753232731A00062136B /* MoviesViewController.swift in Sources */ = {isa = PBXBuildFile; fileRef = 96CBC752232731A00062136B /* MoviesViewController.swift */; };
/* End PBXBuildFile section */

/* Begin PBXContainerItemProxy section */
		96CBC736232730360062136B /* PBXContainerItemProxy */ = {
			isa = PBXContainerItemProxy;
			containerPortal = 96CBC719232730350062136B /* Project object */;
			proxyType = 1;
			remoteGlobalIDString = 96CBC720232730350062136B;
			remoteInfo = flix;
		};
		96CBC741232730360062136B /* PBXContainerItemProxy */ = {
			isa = PBXContainerItemProxy;
			containerPortal = 96CBC719232730350062136B /* Project object */;
			proxyType = 1;
			remoteGlobalIDString = 96CBC720232730350062136B;
			remoteInfo = flix;
		};
/* End PBXContainerItemProxy section */

/* Begin PBXFileReference section */
		056CFFED2A307104288764C6 /* Pods-flixUITests.debug.xcconfig */ = {isa = PBXFileReference; includeInIndex = 1; lastKnownFileType = text.xcconfig; name = "Pods-flixUITests.debug.xcconfig"; path = "Target Support Files/Pods-flixUITests/Pods-flixUITests.debug.xcconfig"; sourceTree = "<group>"; };
		2DDCD175809D77BD785D17D5 /* Pods-flix.debug.xcconfig */ = {isa = PBXFileReference; includeInIndex = 1; lastKnownFileType = text.xcconfig; name = "Pods-flix.debug.xcconfig"; path = "Target Support Files/Pods-flix/Pods-flix.debug.xcconfig"; sourceTree = "<group>"; };
		3E2E9B292E543907AA158E5D /* Pods-flix.release.xcconfig */ = {isa = PBXFileReference; includeInIndex = 1; lastKnownFileType = text.xcconfig; name = "Pods-flix.release.xcconfig"; path = "Target Support Files/Pods-flix/Pods-flix.release.xcconfig"; sourceTree = "<group>"; };
		6390A3BE5BA8518EBEFF9D2B /* Pods_flix.framework */ = {isa = PBXFileReference; explicitFileType = wrapper.framework; includeInIndex = 0; path = Pods_flix.framework; sourceTree = BUILT_PRODUCTS_DIR; };
		95CF22ED7A103A11E166DD5C /* Pods-flixTests.debug.xcconfig */ = {isa = PBXFileReference; includeInIndex = 1; lastKnownFileType = text.xcconfig; name = "Pods-flixTests.debug.xcconfig"; path = "Target Support Files/Pods-flixTests/Pods-flixTests.debug.xcconfig"; sourceTree = "<group>"; };
		96A6BD98232825C6004B0B98 /* MovieCell.swift */ = {isa = PBXFileReference; lastKnownFileType = sourcecode.swift; path = MovieCell.swift; sourceTree = "<group>"; };
		96CBC721232730350062136B /* flix.app */ = {isa = PBXFileReference; explicitFileType = wrapper.application; includeInIndex = 0; path = flix.app; sourceTree = BUILT_PRODUCTS_DIR; };
		96CBC724232730350062136B /* AppDelegate.swift */ = {isa = PBXFileReference; lastKnownFileType = sourcecode.swift; path = AppDelegate.swift; sourceTree = "<group>"; };
		96CBC729232730350062136B /* Base */ = {isa = PBXFileReference; lastKnownFileType = file.storyboard; name = Base; path = Base.lproj/Main.storyboard; sourceTree = "<group>"; };
		96CBC72B232730360062136B /* Assets.xcassets */ = {isa = PBXFileReference; lastKnownFileType = folder.assetcatalog; path = Assets.xcassets; sourceTree = "<group>"; };
		96CBC72E232730360062136B /* Base */ = {isa = PBXFileReference; lastKnownFileType = file.storyboard; name = Base; path = Base.lproj/LaunchScreen.storyboard; sourceTree = "<group>"; };
		96CBC730232730360062136B /* Info.plist */ = {isa = PBXFileReference; lastKnownFileType = text.plist.xml; path = Info.plist; sourceTree = "<group>"; };
		96CBC735232730360062136B /* flixTests.xctest */ = {isa = PBXFileReference; explicitFileType = wrapper.cfbundle; includeInIndex = 0; path = flixTests.xctest; sourceTree = BUILT_PRODUCTS_DIR; };
		96CBC739232730360062136B /* flixTests.swift */ = {isa = PBXFileReference; lastKnownFileType = sourcecode.swift; path = flixTests.swift; sourceTree = "<group>"; };
		96CBC73B232730360062136B /* Info.plist */ = {isa = PBXFileReference; lastKnownFileType = text.plist.xml; path = Info.plist; sourceTree = "<group>"; };
		96CBC740232730360062136B /* flixUITests.xctest */ = {isa = PBXFileReference; explicitFileType = wrapper.cfbundle; includeInIndex = 0; path = flixUITests.xctest; sourceTree = BUILT_PRODUCTS_DIR; };
		96CBC744232730360062136B /* flixUITests.swift */ = {isa = PBXFileReference; lastKnownFileType = sourcecode.swift; path = flixUITests.swift; sourceTree = "<group>"; };
		96CBC746232730360062136B /* Info.plist */ = {isa = PBXFileReference; lastKnownFileType = text.plist.xml; path = Info.plist; sourceTree = "<group>"; };
		96CBC752232731A00062136B /* MoviesViewController.swift */ = {isa = PBXFileReference; lastKnownFileType = sourcecode.swift; path = MoviesViewController.swift; sourceTree = "<group>"; };
		9B65A31B35AF0CCCFEFEF398 /* Pods-flixUITests.release.xcconfig */ = {isa = PBXFileReference; includeInIndex = 1; lastKnownFileType = text.xcconfig; name = "Pods-flixUITests.release.xcconfig"; path = "Target Support Files/Pods-flixUITests/Pods-flixUITests.release.xcconfig"; sourceTree = "<group>"; };
		DCDB861F46E00CA25FE414D5 /* Pods-flixTests.release.xcconfig */ = {isa = PBXFileReference; includeInIndex = 1; lastKnownFileType = text.xcconfig; name = "Pods-flixTests.release.xcconfig"; path = "Target Support Files/Pods-flixTests/Pods-flixTests.release.xcconfig"; sourceTree = "<group>"; };
		E167F6C1AB18FEB91B2C5405 /* Pods_flixTests.framework */ = {isa = PBXFileReference; explicitFileType = wrapper.framework; includeInIndex = 0; path = Pods_flixTests.framework; sourceTree = BUILT_PRODUCTS_DIR; };
		F7146E9F543B8B522191A4C7 /* Pods_flixUITests.framework */ = {isa = PBXFileReference; explicitFileType = wrapper.framework; includeInIndex = 0; path = Pods_flixUITests.framework; sourceTree = BUILT_PRODUCTS_DIR; };
/* End PBXFileReference section */

/* Begin PBXFrameworksBuildPhase section */
		96CBC71E232730350062136B /* Frameworks */ = {
			isa = PBXFrameworksBuildPhase;
			buildActionMask = 2147483647;
			files = (
				01C1B98F4BA38C0C7A8F16C3 /* Pods_flix.framework in Frameworks */,
			);
			runOnlyForDeploymentPostprocessing = 0;
		};
		96CBC732232730360062136B /* Frameworks */ = {
			isa = PBXFrameworksBuildPhase;
			buildActionMask = 2147483647;
			files = (
				5D7F088D43206D2986864A6F /* Pods_flixTests.framework in Frameworks */,
			);
			runOnlyForDeploymentPostprocessing = 0;
		};
		96CBC73D232730360062136B /* Frameworks */ = {
			isa = PBXFrameworksBuildPhase;
			buildActionMask = 2147483647;
			files = (
				33BC0D432D00CE9101AC435A /* Pods_flixUITests.framework in Frameworks */,
			);
			runOnlyForDeploymentPostprocessing = 0;
		};
/* End PBXFrameworksBuildPhase section */

/* Begin PBXGroup section */
		96CBC718232730350062136B = {
			isa = PBXGroup;
			children = (
				96CBC723232730350062136B /* flix */,
				96CBC738232730360062136B /* flixTests */,
				96CBC743232730360062136B /* flixUITests */,
				96CBC722232730350062136B /* Products */,
				D83D351DCBAA87EE8164473F /* Pods */,
				D63212D1B5E66ADDEDF2AF34 /* Frameworks */,
			);
			sourceTree = "<group>";
		};
		96CBC722232730350062136B /* Products */ = {
			isa = PBXGroup;
			children = (
				96CBC721232730350062136B /* flix.app */,
				96CBC735232730360062136B /* flixTests.xctest */,
				96CBC740232730360062136B /* flixUITests.xctest */,
			);
			name = Products;
			sourceTree = "<group>";
		};
		96CBC723232730350062136B /* flix */ = {
			isa = PBXGroup;
			children = (
				96CBC724232730350062136B /* AppDelegate.swift */,
				96CBC728232730350062136B /* Main.storyboard */,
				96CBC72B232730360062136B /* Assets.xcassets */,
				96CBC72D232730360062136B /* LaunchScreen.storyboard */,
				96CBC730232730360062136B /* Info.plist */,
				96CBC752232731A00062136B /* MoviesViewController.swift */,
				96A6BD98232825C6004B0B98 /* MovieCell.swift */,
			);
			path = flix;
			sourceTree = "<group>";
		};
		96CBC738232730360062136B /* flixTests */ = {
			isa = PBXGroup;
			children = (
				96CBC739232730360062136B /* flixTests.swift */,
				96CBC73B232730360062136B /* Info.plist */,
			);
			path = flixTests;
			sourceTree = "<group>";
		};
		96CBC743232730360062136B /* flixUITests */ = {
			isa = PBXGroup;
			children = (
				96CBC744232730360062136B /* flixUITests.swift */,
				96CBC746232730360062136B /* Info.plist */,
			);
			path = flixUITests;
			sourceTree = "<group>";
		};
		D63212D1B5E66ADDEDF2AF34 /* Frameworks */ = {
			isa = PBXGroup;
			children = (
				6390A3BE5BA8518EBEFF9D2B /* Pods_flix.framework */,
				E167F6C1AB18FEB91B2C5405 /* Pods_flixTests.framework */,
				F7146E9F543B8B522191A4C7 /* Pods_flixUITests.framework */,
			);
			name = Frameworks;
			sourceTree = "<group>";
		};
		D83D351DCBAA87EE8164473F /* Pods */ = {
			isa = PBXGroup;
			children = (
				2DDCD175809D77BD785D17D5 /* Pods-flix.debug.xcconfig */,
				3E2E9B292E543907AA158E5D /* Pods-flix.release.xcconfig */,
				95CF22ED7A103A11E166DD5C /* Pods-flixTests.debug.xcconfig */,
				DCDB861F46E00CA25FE414D5 /* Pods-flixTests.release.xcconfig */,
				056CFFED2A307104288764C6 /* Pods-flixUITests.debug.xcconfig */,
				9B65A31B35AF0CCCFEFEF398 /* Pods-flixUITests.release.xcconfig */,
			);
			name = Pods;
			path = Pods;
			sourceTree = "<group>";
		};
/* End PBXGroup section */

/* Begin PBXNativeTarget section */
		96CBC720232730350062136B /* flix */ = {
			isa = PBXNativeTarget;
			buildConfigurationList = 96CBC749232730360062136B /* Build configuration list for PBXNativeTarget "flix" */;
			buildPhases = (
				ECCC74BFB2F7F7FB50A61777 /* [CP] Check Pods Manifest.lock */,
				96CBC71D232730350062136B /* Sources */,
				96CBC71E232730350062136B /* Frameworks */,
				96CBC71F232730350062136B /* Resources */,
				EB9D9B64015888AC4B7B173E /* [CP] Embed Pods Frameworks */,
			);
			buildRules = (
			);
			dependencies = (
			);
			name = flix;
			productName = flix;
			productReference = 96CBC721232730350062136B /* flix.app */;
			productType = "com.apple.product-type.application";
		};
		96CBC734232730360062136B /* flixTests */ = {
			isa = PBXNativeTarget;
			buildConfigurationList = 96CBC74C232730360062136B /* Build configuration list for PBXNativeTarget "flixTests" */;
			buildPhases = (
				F90631EAA082413C31407FF7 /* [CP] Check Pods Manifest.lock */,
				96CBC731232730360062136B /* Sources */,
				96CBC732232730360062136B /* Frameworks */,
				96CBC733232730360062136B /* Resources */,
			);
			buildRules = (
			);
			dependencies = (
				96CBC737232730360062136B /* PBXTargetDependency */,
			);
			name = flixTests;
			productName = flixTests;
			productReference = 96CBC735232730360062136B /* flixTests.xctest */;
			productType = "com.apple.product-type.bundle.unit-test";
		};
		96CBC73F232730360062136B /* flixUITests */ = {
			isa = PBXNativeTarget;
			buildConfigurationList = 96CBC74F232730360062136B /* Build configuration list for PBXNativeTarget "flixUITests" */;
			buildPhases = (
				19D6E9FF0C45EAC0974086CF /* [CP] Check Pods Manifest.lock */,
				96CBC73C232730360062136B /* Sources */,
				96CBC73D232730360062136B /* Frameworks */,
				96CBC73E232730360062136B /* Resources */,
			);
			buildRules = (
			);
			dependencies = (
				96CBC742232730360062136B /* PBXTargetDependency */,
			);
			name = flixUITests;
			productName = flixUITests;
			productReference = 96CBC740232730360062136B /* flixUITests.xctest */;
			productType = "com.apple.product-type.bundle.ui-testing";
		};
/* End PBXNativeTarget section */

/* Begin PBXProject section */
		96CBC719232730350062136B /* Project object */ = {
			isa = PBXProject;
			attributes = {
				LastSwiftUpdateCheck = 1010;
				LastUpgradeCheck = 1010;
				ORGANIZATIONNAME = "Aaron Parks";
				TargetAttributes = {
					96CBC720232730350062136B = {
						CreatedOnToolsVersion = 10.1;
					};
					96CBC734232730360062136B = {
						CreatedOnToolsVersion = 10.1;
						TestTargetID = 96CBC720232730350062136B;
					};
					96CBC73F232730360062136B = {
						CreatedOnToolsVersion = 10.1;
						TestTargetID = 96CBC720232730350062136B;
					};
				};
			};
			buildConfigurationList = 96CBC71C232730350062136B /* Build configuration list for PBXProject "flix" */;
			compatibilityVersion = "Xcode 9.3";
			developmentRegion = en;
			hasScannedForEncodings = 0;
			knownRegions = (
				en,
				Base,
			);
			mainGroup = 96CBC718232730350062136B;
			productRefGroup = 96CBC722232730350062136B /* Products */;
			projectDirPath = "";
			projectRoot = "";
			targets = (
				96CBC720232730350062136B /* flix */,
				96CBC734232730360062136B /* flixTests */,
				96CBC73F232730360062136B /* flixUITests */,
			);
		};
/* End PBXProject section */

/* Begin PBXResourcesBuildPhase section */
		96CBC71F232730350062136B /* Resources */ = {
			isa = PBXResourcesBuildPhase;
			buildActionMask = 2147483647;
			files = (
				96CBC72F232730360062136B /* LaunchScreen.storyboard in Resources */,
				96CBC72C232730360062136B /* Assets.xcassets in Resources */,
				96CBC72A232730350062136B /* Main.storyboard in Resources */,
			);
			runOnlyForDeploymentPostprocessing = 0;
		};
		96CBC733232730360062136B /* Resources */ = {
			isa = PBXResourcesBuildPhase;
			buildActionMask = 2147483647;
			files = (
			);
			runOnlyForDeploymentPostprocessing = 0;
		};
		96CBC73E232730360062136B /* Resources */ = {
			isa = PBXResourcesBuildPhase;
			buildActionMask = 2147483647;
			files = (
			);
			runOnlyForDeploymentPostprocessing = 0;
		};
/* End PBXResourcesBuildPhase section */

/* Begin PBXShellScriptBuildPhase section */
		19D6E9FF0C45EAC0974086CF /* [CP] Check Pods Manifest.lock */ = {
			isa = PBXShellScriptBuildPhase;
			buildActionMask = 2147483647;
			files = (
			);
			inputFileListPaths = (
			);
			inputPaths = (
				"${PODS_PODFILE_DIR_PATH}/Podfile.lock",
				"${PODS_ROOT}/Manifest.lock",
			);
			name = "[CP] Check Pods Manifest.lock";
			outputFileListPaths = (
			);
			outputPaths = (
				"$(DERIVED_FILE_DIR)/Pods-flixUITests-checkManifestLockResult.txt",
			);
			runOnlyForDeploymentPostprocessing = 0;
			shellPath = /bin/sh;
			shellScript = "diff \"${PODS_PODFILE_DIR_PATH}/Podfile.lock\" \"${PODS_ROOT}/Manifest.lock\" > /dev/null\nif [ $? != 0 ] ; then\n    # print error to STDERR\n    echo \"error: The sandbox is not in sync with the Podfile.lock. Run 'pod install' or update your CocoaPods installation.\" >&2\n    exit 1\nfi\n# This output is used by Xcode 'outputs' to avoid re-running this script phase.\necho \"SUCCESS\" > \"${SCRIPT_OUTPUT_FILE_0}\"\n";
			showEnvVarsInLog = 0;
		};
		EB9D9B64015888AC4B7B173E /* [CP] Embed Pods Frameworks */ = {
			isa = PBXShellScriptBuildPhase;
			buildActionMask = 2147483647;
			files = (
			);
			inputFileListPaths = (
				"${PODS_ROOT}/Target Support Files/Pods-flix/Pods-flix-frameworks-${CONFIGURATION}-input-files.xcfilelist",
			);
			name = "[CP] Embed Pods Frameworks";
			outputFileListPaths = (
				"${PODS_ROOT}/Target Support Files/Pods-flix/Pods-flix-frameworks-${CONFIGURATION}-output-files.xcfilelist",
			);
			runOnlyForDeploymentPostprocessing = 0;
			shellPath = /bin/sh;
			shellScript = "\"${PODS_ROOT}/Target Support Files/Pods-flix/Pods-flix-frameworks.sh\"\n";
			showEnvVarsInLog = 0;
		};
		ECCC74BFB2F7F7FB50A61777 /* [CP] Check Pods Manifest.lock */ = {
			isa = PBXShellScriptBuildPhase;
			buildActionMask = 2147483647;
			files = (
			);
			inputFileListPaths = (
			);
			inputPaths = (
				"${PODS_PODFILE_DIR_PATH}/Podfile.lock",
				"${PODS_ROOT}/Manifest.lock",
			);
			name = "[CP] Check Pods Manifest.lock";
			outputFileListPaths = (
			);
			outputPaths = (
				"$(DERIVED_FILE_DIR)/Pods-flix-checkManifestLockResult.txt",
			);
			runOnlyForDeploymentPostprocessing = 0;
			shellPath = /bin/sh;
			shellScript = "diff \"${PODS_PODFILE_DIR_PATH}/Podfile.lock\" \"${PODS_ROOT}/Manifest.lock\" > /dev/null\nif [ $? != 0 ] ; then\n    # print error to STDERR\n    echo \"error: The sandbox is not in sync with the Podfile.lock. Run 'pod install' or update your CocoaPods installation.\" >&2\n    exit 1\nfi\n# This output is used by Xcode 'outputs' to avoid re-running this script phase.\necho \"SUCCESS\" > \"${SCRIPT_OUTPUT_FILE_0}\"\n";
			showEnvVarsInLog = 0;
		};
		F90631EAA082413C31407FF7 /* [CP] Check Pods Manifest.lock */ = {
			isa = PBXShellScriptBuildPhase;
			buildActionMask = 2147483647;
			files = (
			);
			inputFileListPaths = (
			);
			inputPaths = (
				"${PODS_PODFILE_DIR_PATH}/Podfile.lock",
				"${PODS_ROOT}/Manifest.lock",
			);
			name = "[CP] Check Pods Manifest.lock";
			outputFileListPaths = (
			);
			outputPaths = (
				"$(DERIVED_FILE_DIR)/Pods-flixTests-checkManifestLockResult.txt",
			);
			runOnlyForDeploymentPostprocessing = 0;
			shellPath = /bin/sh;
			shellScript = "diff \"${PODS_PODFILE_DIR_PATH}/Podfile.lock\" \"${PODS_ROOT}/Manifest.lock\" > /dev/null\nif [ $? != 0 ] ; then\n    # print error to STDERR\n    echo \"error: The sandbox is not in sync with the Podfile.lock. Run 'pod install' or update your CocoaPods installation.\" >&2\n    exit 1\nfi\n# This output is used by Xcode 'outputs' to avoid re-running this script phase.\necho \"SUCCESS\" > \"${SCRIPT_OUTPUT_FILE_0}\"\n";
			showEnvVarsInLog = 0;
		};
/* End PBXShellScriptBuildPhase section */

/* Begin PBXSourcesBuildPhase section */
		96CBC71D232730350062136B /* Sources */ = {
			isa = PBXSourcesBuildPhase;
			buildActionMask = 2147483647;
			files = (
				96CBC725232730350062136B /* AppDelegate.swift in Sources */,
				96CBC753232731A00062136B /* MoviesViewController.swift in Sources */,
				96A6BD99232825C6004B0B98 /* MovieCell.swift in Sources */,
			);
			runOnlyForDeploymentPostprocessing = 0;
		};
		96CBC731232730360062136B /* Sources */ = {
			isa = PBXSourcesBuildPhase;
			buildActionMask = 2147483647;
			files = (
				96CBC73A232730360062136B /* flixTests.swift in Sources */,
			);
			runOnlyForDeploymentPostprocessing = 0;
		};
		96CBC73C232730360062136B /* Sources */ = {
			isa = PBXSourcesBuildPhase;
			buildActionMask = 2147483647;
			files = (
				96CBC745232730360062136B /* flixUITests.swift in Sources */,
			);
			runOnlyForDeploymentPostprocessing = 0;
		};
/* End PBXSourcesBuildPhase section */

/* Begin PBXTargetDependency section */
		96CBC737232730360062136B /* PBXTargetDependency */ = {
			isa = PBXTargetDependency;
			target = 96CBC720232730350062136B /* flix */;
			targetProxy = 96CBC736232730360062136B /* PBXContainerItemProxy */;
		};
		96CBC742232730360062136B /* PBXTargetDependency */ = {
			isa = PBXTargetDependency;
			target = 96CBC720232730350062136B /* flix */;
			targetProxy = 96CBC741232730360062136B /* PBXContainerItemProxy */;
		};
/* End PBXTargetDependency section */

/* Begin PBXVariantGroup section */
		96CBC728232730350062136B /* Main.storyboard */ = {
			isa = PBXVariantGroup;
			children = (
				96CBC729232730350062136B /* Base */,
			);
			name = Main.storyboard;
			sourceTree = "<group>";
		};
		96CBC72D232730360062136B /* LaunchScreen.storyboard */ = {
			isa = PBXVariantGroup;
			children = (
				96CBC72E232730360062136B /* Base */,
			);
			name = LaunchScreen.storyboard;
			sourceTree = "<group>";
		};
/* End PBXVariantGroup section */

/* Begin XCBuildConfiguration section */
		96CBC747232730360062136B /* Debug */ = {
			isa = XCBuildConfiguration;
			buildSettings = {
				ALWAYS_SEARCH_USER_PATHS = NO;
				CLANG_ANALYZER_NONNULL = YES;
				CLANG_ANALYZER_NUMBER_OBJECT_CONVERSION = YES_AGGRESSIVE;
				CLANG_CXX_LANGUAGE_STANDARD = "gnu++14";
				CLANG_CXX_LIBRARY = "libc++";
				CLANG_ENABLE_MODULES = YES;
				CLANG_ENABLE_OBJC_ARC = YES;
				CLANG_ENABLE_OBJC_WEAK = YES;
				CLANG_WARN_BLOCK_CAPTURE_AUTORELEASING = YES;
				CLANG_WARN_BOOL_CONVERSION = YES;
				CLANG_WARN_COMMA = YES;
				CLANG_WARN_CONSTANT_CONVERSION = YES;
				CLANG_WARN_DEPRECATED_OBJC_IMPLEMENTATIONS = YES;
				CLANG_WARN_DIRECT_OBJC_ISA_USAGE = YES_ERROR;
				CLANG_WARN_DOCUMENTATION_COMMENTS = YES;
				CLANG_WARN_EMPTY_BODY = YES;
				CLANG_WARN_ENUM_CONVERSION = YES;
				CLANG_WARN_INFINITE_RECURSION = YES;
				CLANG_WARN_INT_CONVERSION = YES;
				CLANG_WARN_NON_LITERAL_NULL_CONVERSION = YES;
				CLANG_WARN_OBJC_IMPLICIT_RETAIN_SELF = YES;
				CLANG_WARN_OBJC_LITERAL_CONVERSION = YES;
				CLANG_WARN_OBJC_ROOT_CLASS = YES_ERROR;
				CLANG_WARN_RANGE_LOOP_ANALYSIS = YES;
				CLANG_WARN_STRICT_PROTOTYPES = YES;
				CLANG_WARN_SUSPICIOUS_MOVE = YES;
				CLANG_WARN_UNGUARDED_AVAILABILITY = YES_AGGRESSIVE;
				CLANG_WARN_UNREACHABLE_CODE = YES;
				CLANG_WARN__DUPLICATE_METHOD_MATCH = YES;
				CODE_SIGN_IDENTITY = "iPhone Developer";
				COPY_PHASE_STRIP = NO;
				DEBUG_INFORMATION_FORMAT = dwarf;
				ENABLE_STRICT_OBJC_MSGSEND = YES;
				ENABLE_TESTABILITY = YES;
				GCC_C_LANGUAGE_STANDARD = gnu11;
				GCC_DYNAMIC_NO_PIC = NO;
				GCC_NO_COMMON_BLOCKS = YES;
				GCC_OPTIMIZATION_LEVEL = 0;
				GCC_PREPROCESSOR_DEFINITIONS = (
					"DEBUG=1",
					"$(inherited)",
				);
				GCC_WARN_64_TO_32_BIT_CONVERSION = YES;
				GCC_WARN_ABOUT_RETURN_TYPE = YES_ERROR;
				GCC_WARN_UNDECLARED_SELECTOR = YES;
				GCC_WARN_UNINITIALIZED_AUTOS = YES_AGGRESSIVE;
				GCC_WARN_UNUSED_FUNCTION = YES;
				GCC_WARN_UNUSED_VARIABLE = YES;
				IPHONEOS_DEPLOYMENT_TARGET = 12.1;
				MTL_ENABLE_DEBUG_INFO = INCLUDE_SOURCE;
				MTL_FAST_MATH = YES;
				ONLY_ACTIVE_ARCH = YES;
				SDKROOT = iphoneos;
				SWIFT_ACTIVE_COMPILATION_CONDITIONS = DEBUG;
				SWIFT_OPTIMIZATION_LEVEL = "-Onone";
			};
			name = Debug;
		};
		96CBC748232730360062136B /* Release */ = {
			isa = XCBuildConfiguration;
			buildSettings = {
				ALWAYS_SEARCH_USER_PATHS = NO;
				CLANG_ANALYZER_NONNULL = YES;
				CLANG_ANALYZER_NUMBER_OBJECT_CONVERSION = YES_AGGRESSIVE;
				CLANG_CXX_LANGUAGE_STANDARD = "gnu++14";
				CLANG_CXX_LIBRARY = "libc++";
				CLANG_ENABLE_MODULES = YES;
				CLANG_ENABLE_OBJC_ARC = YES;
				CLANG_ENABLE_OBJC_WEAK = YES;
				CLANG_WARN_BLOCK_CAPTURE_AUTORELEASING = YES;
				CLANG_WARN_BOOL_CONVERSION = YES;
				CLANG_WARN_COMMA = YES;
				CLANG_WARN_CONSTANT_CONVERSION = YES;
				CLANG_WARN_DEPRECATED_OBJC_IMPLEMENTATIONS = YES;
				CLANG_WARN_DIRECT_OBJC_ISA_USAGE = YES_ERROR;
				CLANG_WARN_DOCUMENTATION_COMMENTS = YES;
				CLANG_WARN_EMPTY_BODY = YES;
				CLANG_WARN_ENUM_CONVERSION = YES;
				CLANG_WARN_INFINITE_RECURSION = YES;
				CLANG_WARN_INT_CONVERSION = YES;
				CLANG_WARN_NON_LITERAL_NULL_CONVERSION = YES;
				CLANG_WARN_OBJC_IMPLICIT_RETAIN_SELF = YES;
				CLANG_WARN_OBJC_LITERAL_CONVERSION = YES;
				CLANG_WARN_OBJC_ROOT_CLASS = YES_ERROR;
				CLANG_WARN_RANGE_LOOP_ANALYSIS = YES;
				CLANG_WARN_STRICT_PROTOTYPES = YES;
				CLANG_WARN_SUSPICIOUS_MOVE = YES;
				CLANG_WARN_UNGUARDED_AVAILABILITY = YES_AGGRESSIVE;
				CLANG_WARN_UNREACHABLE_CODE = YES;
				CLANG_WARN__DUPLICATE_METHOD_MATCH = YES;
				CODE_SIGN_IDENTITY = "iPhone Developer";
				COPY_PHASE_STRIP = NO;
				DEBUG_INFORMATION_FORMAT = "dwarf-with-dsym";
				ENABLE_NS_ASSERTIONS = NO;
				ENABLE_STRICT_OBJC_MSGSEND = YES;
				GCC_C_LANGUAGE_STANDARD = gnu11;
				GCC_NO_COMMON_BLOCKS = YES;
				GCC_WARN_64_TO_32_BIT_CONVERSION = YES;
				GCC_WARN_ABOUT_RETURN_TYPE = YES_ERROR;
				GCC_WARN_UNDECLARED_SELECTOR = YES;
				GCC_WARN_UNINITIALIZED_AUTOS = YES_AGGRESSIVE;
				GCC_WARN_UNUSED_FUNCTION = YES;
				GCC_WARN_UNUSED_VARIABLE = YES;
				IPHONEOS_DEPLOYMENT_TARGET = 12.1;
				MTL_ENABLE_DEBUG_INFO = NO;
				MTL_FAST_MATH = YES;
				SDKROOT = iphoneos;
				SWIFT_COMPILATION_MODE = wholemodule;
				SWIFT_OPTIMIZATION_LEVEL = "-O";
				VALIDATE_PRODUCT = YES;
			};
			name = Release;
		};
		96CBC74A232730360062136B /* Debug */ = {
			isa = XCBuildConfiguration;
			baseConfigurationReference = 2DDCD175809D77BD785D17D5 /* Pods-flix.debug.xcconfig */;
			buildSettings = {
				ASSETCATALOG_COMPILER_APPICON_NAME = AppIcon;
				CODE_SIGN_STYLE = Automatic;
				INFOPLIST_FILE = flix/Info.plist;
				LD_RUNPATH_SEARCH_PATHS = (
					"$(inherited)",
					"@executable_path/Frameworks",
				);
				PRODUCT_BUNDLE_IDENTIFIER = Parks.flix;
				PRODUCT_NAME = "$(TARGET_NAME)";
				SWIFT_VERSION = 4.2;
				TARGETED_DEVICE_FAMILY = "1,2";
			};
			name = Debug;
		};
		96CBC74B232730360062136B /* Release */ = {
			isa = XCBuildConfiguration;
			baseConfigurationReference = 3E2E9B292E543907AA158E5D /* Pods-flix.release.xcconfig */;
			buildSettings = {
				ASSETCATALOG_COMPILER_APPICON_NAME = AppIcon;
				CODE_SIGN_STYLE = Automatic;
				INFOPLIST_FILE = flix/Info.plist;
				LD_RUNPATH_SEARCH_PATHS = (
					"$(inherited)",
					"@executable_path/Frameworks",
				);
				PRODUCT_BUNDLE_IDENTIFIER = Parks.flix;
				PRODUCT_NAME = "$(TARGET_NAME)";
				SWIFT_VERSION = 4.2;
				TARGETED_DEVICE_FAMILY = "1,2";
			};
			name = Release;
		};
		96CBC74D232730360062136B /* Debug */ = {
			isa = XCBuildConfiguration;
			baseConfigurationReference = 95CF22ED7A103A11E166DD5C /* Pods-flixTests.debug.xcconfig */;
			buildSettings = {
				ALWAYS_EMBED_SWIFT_STANDARD_LIBRARIES = YES;
				BUNDLE_LOADER = "$(TEST_HOST)";
				CODE_SIGN_STYLE = Automatic;
				INFOPLIST_FILE = flixTests/Info.plist;
				LD_RUNPATH_SEARCH_PATHS = (
					"$(inherited)",
					"@executable_path/Frameworks",
					"@loader_path/Frameworks",
				);
				PRODUCT_BUNDLE_IDENTIFIER = Parks.flixTests;
				PRODUCT_NAME = "$(TARGET_NAME)";
				SWIFT_VERSION = 4.2;
				TARGETED_DEVICE_FAMILY = "1,2";
				TEST_HOST = "$(BUILT_PRODUCTS_DIR)/flix.app/flix";
			};
			name = Debug;
		};
		96CBC74E232730360062136B /* Release */ = {
			isa = XCBuildConfiguration;
			baseConfigurationReference = DCDB861F46E00CA25FE414D5 /* Pods-flixTests.release.xcconfig */;
			buildSettings = {
				ALWAYS_EMBED_SWIFT_STANDARD_LIBRARIES = YES;
				BUNDLE_LOADER = "$(TEST_HOST)";
				CODE_SIGN_STYLE = Automatic;
				INFOPLIST_FILE = flixTests/Info.plist;
				LD_RUNPATH_SEARCH_PATHS = (
					"$(inherited)",
					"@executable_path/Frameworks",
					"@loader_path/Frameworks",
				);
				PRODUCT_BUNDLE_IDENTIFIER = Parks.flixTests;
				PRODUCT_NAME = "$(TARGET_NAME)";
				SWIFT_VERSION = 4.2;
				TARGETED_DEVICE_FAMILY = "1,2";
				TEST_HOST = "$(BUILT_PRODUCTS_DIR)/flix.app/flix";
			};
			name = Release;
		};
		96CBC750232730360062136B /* Debug */ = {
			isa = XCBuildConfiguration;
			baseConfigurationReference = 056CFFED2A307104288764C6 /* Pods-flixUITests.debug.xcconfig */;
			buildSettings = {
				ALWAYS_EMBED_SWIFT_STANDARD_LIBRARIES = YES;
				CODE_SIGN_STYLE = Automatic;
				INFOPLIST_FILE = flixUITests/Info.plist;
				LD_RUNPATH_SEARCH_PATHS = (
					"$(inherited)",
					"@executable_path/Frameworks",
					"@loader_path/Frameworks",
				);
				PRODUCT_BUNDLE_IDENTIFIER = Parks.flixUITests;
				PRODUCT_NAME = "$(TARGET_NAME)";
				SWIFT_VERSION = 4.2;
				TARGETED_DEVICE_FAMILY = "1,2";
				TEST_TARGET_NAME = flix;
			};
			name = Debug;
		};
		96CBC751232730360062136B /* Release */ = {
			isa = XCBuildConfiguration;
			baseConfigurationReference = 9B65A31B35AF0CCCFEFEF398 /* Pods-flixUITests.release.xcconfig */;
			buildSettings = {
				ALWAYS_EMBED_SWIFT_STANDARD_LIBRARIES = YES;
				CODE_SIGN_STYLE = Automatic;
				INFOPLIST_FILE = flixUITests/Info.plist;
				LD_RUNPATH_SEARCH_PATHS = (
					"$(inherited)",
					"@executable_path/Frameworks",
					"@loader_path/Frameworks",
				);
				PRODUCT_BUNDLE_IDENTIFIER = Parks.flixUITests;
				PRODUCT_NAME = "$(TARGET_NAME)";
				SWIFT_VERSION = 4.2;
				TARGETED_DEVICE_FAMILY = "1,2";
				TEST_TARGET_NAME = flix;
			};
			name = Release;
		};
/* End XCBuildConfiguration section */

/* Begin XCConfigurationList section */
		96CBC71C232730350062136B /* Build configuration list for PBXProject "flix" */ = {
			isa = XCConfigurationList;
			buildConfigurations = (
				96CBC747232730360062136B /* Debug */,
				96CBC748232730360062136B /* Release */,
			);
			defaultConfigurationIsVisible = 0;
			defaultConfigurationName = Release;
		};
		96CBC749232730360062136B /* Build configuration list for PBXNativeTarget "flix" */ = {
			isa = XCConfigurationList;
			buildConfigurations = (
				96CBC74A232730360062136B /* Debug */,
				96CBC74B232730360062136B /* Release */,
			);
			defaultConfigurationIsVisible = 0;
			defaultConfigurationName = Release;
		};
		96CBC74C232730360062136B /* Build configuration list for PBXNativeTarget "flixTests" */ = {
			isa = XCConfigurationList;
			buildConfigurations = (
				96CBC74D232730360062136B /* Debug */,
				96CBC74E232730360062136B /* Release */,
			);
			defaultConfigurationIsVisible = 0;
			defaultConfigurationName = Release;
		};
		96CBC74F232730360062136B /* Build configuration list for PBXNativeTarget "flixUITests" */ = {
			isa = XCConfigurationList;
			buildConfigurations = (
				96CBC750232730360062136B /* Debug */,
				96CBC751232730360062136B /* Release */,
			);
			defaultConfigurationIsVisible = 0;
			defaultConfigurationName = Release;
		};
/* End XCConfigurationList section */
	};
	rootObject = 96CBC719232730350062136B /* Project object */;
}
